
Microsoft Visual Studio Solution File, Format Version 12.00
# Visual Studio 14
VisualStudioVersion = 14.0.25420.1
MinimumVisualStudioVersion = 10.0.40219.1
Project("{FAE04EC0-301F-11D3-BF4B-00C04F79EFBC}") = "TagKit.Markup.Document.Tests", "TagKit.Markup.Document.Tests\TagKit.Markup.Document.Tests.csproj", "{A326CA16-66B4-413C-861B-74FF41D157A5}"
EndProject
Project("{FAE04EC0-301F-11D3-BF4B-00C04F79EFBC}") = "TagKit.Markup", "TagKit.Markup\TagKit.Markup.csproj", "{517668D7-1AA9-4426-B405-AC68C5BC01C6}"
EndProject
Project("{FAE04EC0-301F-11D3-BF4B-00C04F79EFBC}") = "TagKit.Markup.ReaderWriter.CharCheckingReader.Tests", "TagKit.Markup.ReaderWriter.CharCheckingReader.Tests\TagKit.Markup.ReaderWriter.CharCheckingReader.Tests.csproj", "{2E3DF5C2-8A38-4A03-86D7-8D463C917E47}"
EndProject
Project("{FAE04EC0-301F-11D3-BF4B-00C04F79EFBC}") = "TagKit.Markup.ReaderWriter.Reader.Tests", "TagKit.Markup.ReaderWriter.Reader.Tests\TagKit.Markup.ReaderWriter.Reader.Tests.csproj", "{426CB6FE-B317-41C1-9298-2BB6D5BCAC19}"
EndProject
Global
	GlobalSection(SolutionConfigurationPlatforms) = preSolution
		Debug|Any CPU = Debug|Any CPU
		Release|Any CPU = Release|Any CPU
	EndGlobalSection
	GlobalSection(ProjectConfigurationPlatforms) = postSolution
		{A326CA16-66B4-413C-861B-74FF41D157A5}.Debug|Any CPU.ActiveCfg = Debug|Any CPU
		{A326CA16-66B4-413C-861B-74FF41D157A5}.Debug|Any CPU.Build.0 = Debug|Any CPU
		{A326CA16-66B4-413C-861B-74FF41D157A5}.Release|Any CPU.ActiveCfg = Release|Any CPU
		{A326CA16-66B4-413C-861B-74FF41D157A5}.Release|Any CPU.Build.0 = Release|Any CPU
		{517668D7-1AA9-4426-B405-AC68C5BC01C6}.Debug|Any CPU.ActiveCfg = Debug|Any CPU
		{517668D7-1AA9-4426-B405-AC68C5BC01C6}.Debug|Any CPU.Build.0 = Debug|Any CPU
		{517668D7-1AA9-4426-B405-AC68C5BC01C6}.Release|Any CPU.ActiveCfg = Release|Any CPU
		{517668D7-1AA9-4426-B405-AC68C5BC01C6}.Release|Any CPU.Build.0 = Release|Any CPU
		{2E3DF5C2-8A38-4A03-86D7-8D463C917E47}.Debug|Any CPU.ActiveCfg = Debug|Any CPU
		{2E3DF5C2-8A38-4A03-86D7-8D463C917E47}.Debug|Any CPU.Build.0 = Debug|Any CPU
		{2E3DF5C2-8A38-4A03-86D7-8D463C917E47}.Release|Any CPU.ActiveCfg = Release|Any CPU
		{2E3DF5C2-8A38-4A03-86D7-8D463C917E47}.Release|Any CPU.Build.0 = Release|Any CPU
		{426CB6FE-B317-41C1-9298-2BB6D5BCAC19}.Debug|Any CPU.ActiveCfg = Debug|Any CPU
		{426CB6FE-B317-41C1-9298-2BB6D5BCAC19}.Debug|Any CPU.Build.0 = Debug|Any CPU
		{426CB6FE-B317-41C1-9298-2BB6D5BCAC19}.Release|Any CPU.ActiveCfg = Release|Any CPU
		{426CB6FE-B317-41C1-9298-2BB6D5BCAC19}.Release|Any CPU.Build.0 = Release|Any CPU
	EndGlobalSection
	GlobalSection(SolutionProperties) = preSolution
		HideSolutionNode = FALSE
	EndGlobalSection
EndGlobal
